
Microsoft Visual Studio Solution File, Format Version 12.00
# Visual Studio Version 17
VisualStudioVersion = 17.0.31903.59
MinimumVisualStudioVersion = 10.0.40219.1
Project("{2150E333-8FDC-42A3-9474-1A3956D46DE8}") = "src", "src", "{827E0CD3-B72D-47B6-A68D-7590B98EB39B}"
EndProject
Project("{FAE04EC0-301F-11D3-BF4B-00C04F79EFBC}") = "MatchDirector.Agents", "src\MatchDirector.Agents\MatchDirector.Agents.csproj", "{DAA6B917-A7CA-4B8A-9891-C1EF752FAD19}"
EndProject
Project("{FAE04EC0-301F-11D3-BF4B-00C04F79EFBC}") = "MatchDirector.AppHost", "src\MatchDirector.AppHost\MatchDirector.AppHost.csproj", "{180FF8E2-CC8C-4266-B1B3-8F4257927682}"
EndProject
Project("{FAE04EC0-301F-11D3-BF4B-00C04F79EFBC}") = "MatchDirector.Contracts", "src\MatchDirector.Contracts\MatchDirector.Contracts.csproj", "{B97FC9C8-68EC-476A-9CE0-33AAD481079C}"
EndProject
Project("{FAE04EC0-301F-11D3-BF4B-00C04F79EFBC}") = "MatchDirector.OverlayHub", "src\MatchDirector.OverlayHub\MatchDirector.OverlayHub.csproj", "{7F21A8C4-D520-47D4-A216-0ED9059D615A}"
EndProject
Project("{FAE04EC0-301F-11D3-BF4B-00C04F79EFBC}") = "MatchDirector.ServiceDefaults", "src\MatchDirector.ServiceDefaults\MatchDirector.ServiceDefaults.csproj", "{8140A1FB-94FD-4578-A80A-5BAB000F747B}"
EndProject
Project("{FAE04EC0-301F-11D3-BF4B-00C04F79EFBC}") = "MatchDirector.Simulator", "src\MatchDirector.Simulator\MatchDirector.Simulator.csproj", "{7D32BBDC-8FDA-494B-AD44-D9F203F89BDC}"
EndProject
Project("{FAE04EC0-301F-11D3-BF4B-00C04F79EFBC}") = "MatchDirector.StatsEngine", "src\MatchDirector.StatsEngine\MatchDirector.StatsEngine.csproj", "{BCBFFA4D-BDC5-4898-A456-D0AFD4214DCC}"
EndProject
Project("{2150E333-8FDC-42A3-9474-1A3956D46DE8}") = "tests", "tests", "{0AB3BF05-4346-4AA6-1389-037BE0695223}"
EndProject
Project("{FAE04EC0-301F-11D3-BF4B-00C04F79EFBC}") = "MatchDirector.StatsEngine.Tests", "tests\MatchDirector.StatsEngine.Tests\MatchDirector.StatsEngine.Tests.csproj", "{B9BA5951-3B8A-4CE3-BC12-75B299759AC4}"
EndProject
Global
	GlobalSection(SolutionConfigurationPlatforms) = preSolution
		Debug|Any CPU = Debug|Any CPU
		Debug|x64 = Debug|x64
		Debug|x86 = Debug|x86
		Release|Any CPU = Release|Any CPU
		Release|x64 = Release|x64
		Release|x86 = Release|x86
	EndGlobalSection
	GlobalSection(ProjectConfigurationPlatforms) = postSolution
		{DAA6B917-A7CA-4B8A-9891-C1EF752FAD19}.Debug|Any CPU.ActiveCfg = Debug|Any CPU
		{DAA6B917-A7CA-4B8A-9891-C1EF752FAD19}.Debug|Any CPU.Build.0 = Debug|Any CPU
		{DAA6B917-A7CA-4B8A-9891-C1EF752FAD19}.Debug|x64.ActiveCfg = Debug|Any CPU
		{DAA6B917-A7CA-4B8A-9891-C1EF752FAD19}.Debug|x64.Build.0 = Debug|Any CPU
		{DAA6B917-A7CA-4B8A-9891-C1EF752FAD19}.Debug|x86.ActiveCfg = Debug|Any CPU
		{DAA6B917-A7CA-4B8A-9891-C1EF752FAD19}.Debug|x86.Build.0 = Debug|Any CPU
		{DAA6B917-A7CA-4B8A-9891-C1EF752FAD19}.Release|Any CPU.ActiveCfg = Release|Any CPU
		{DAA6B917-A7CA-4B8A-9891-C1EF752FAD19}.Release|Any CPU.Build.0 = Release|Any CPU
		{DAA6B917-A7CA-4B8A-9891-C1EF752FAD19}.Release|x64.ActiveCfg = Release|Any CPU
		{DAA6B917-A7CA-4B8A-9891-C1EF752FAD19}.Release|x64.Build.0 = Release|Any CPU
		{DAA6B917-A7CA-4B8A-9891-C1EF752FAD19}.Release|x86.ActiveCfg = Release|Any CPU
		{DAA6B917-A7CA-4B8A-9891-C1EF752FAD19}.Release|x86.Build.0 = Release|Any CPU
		{180FF8E2-CC8C-4266-B1B3-8F4257927682}.Debug|Any CPU.ActiveCfg = Debug|Any CPU
		{180FF8E2-CC8C-4266-B1B3-8F4257927682}.Debug|Any CPU.Build.0 = Debug|Any CPU
		{180FF8E2-CC8C-4266-B1B3-8F4257927682}.Debug|x64.ActiveCfg = Debug|Any CPU
		{180FF8E2-CC8C-4266-B1B3-8F4257927682}.Debug|x64.Build.0 = Debug|Any CPU
		{180FF8E2-CC8C-4266-B1B3-8F4257927682}.Debug|x86.ActiveCfg = Debug|Any CPU
		{180FF8E2-CC8C-4266-B1B3-8F4257927682}.Debug|x86.Build.0 = Debug|Any CPU
		{180FF8E2-CC8C-4266-B1B3-8F4257927682}.Release|Any CPU.ActiveCfg = Release|Any CPU
		{180FF8E2-CC8C-4266-B1B3-8F4257927682}.Release|Any CPU.Build.0 = Release|Any CPU
		{180FF8E2-CC8C-4266-B1B3-8F4257927682}.Release|x64.ActiveCfg = Release|Any CPU
		{180FF8E2-CC8C-4266-B1B3-8F4257927682}.Release|x64.Build.0 = Release|Any CPU
		{180FF8E2-CC8C-4266-B1B3-8F4257927682}.Release|x86.ActiveCfg = Release|Any CPU
		{180FF8E2-CC8C-4266-B1B3-8F4257927682}.Release|x86.Build.0 = Release|Any CPU
		{B97FC9C8-68EC-476A-9CE0-33AAD481079C}.Debug|Any CPU.ActiveCfg = Debug|Any CPU
		{B97FC9C8-68EC-476A-9CE0-33AAD481079C}.Debug|Any CPU.Build.0 = Debug|Any CPU
		{B97FC9C8-68EC-476A-9CE0-33AAD481079C}.Debug|x64.ActiveCfg = Debug|Any CPU
		{B97FC9C8-68EC-476A-9CE0-33AAD481079C}.Debug|x64.Build.0 = Debug|Any CPU
		{B97FC9C8-68EC-476A-9CE0-33AAD481079C}.Debug|x86.ActiveCfg = Debug|Any CPU
		{B97FC9C8-68EC-476A-9CE0-33AAD481079C}.Debug|x86.Build.0 = Debug|Any CPU
		{B97FC9C8-68EC-476A-9CE0-33AAD481079C}.Release|Any CPU.ActiveCfg = Release|Any CPU
		{B97FC9C8-68EC-476A-9CE0-33AAD481079C}.Release|Any CPU.Build.0 = Release|Any CPU
		{B97FC9C8-68EC-476A-9CE0-33AAD481079C}.Release|x64.ActiveCfg = Release|Any CPU
		{B97FC9C8-68EC-476A-9CE0-33AAD481079C}.Release|x64.Build.0 = Release|Any CPU
		{B97FC9C8-68EC-476A-9CE0-33AAD481079C}.Release|x86.ActiveCfg = Release|Any CPU
		{B97FC9C8-68EC-476A-9CE0-33AAD481079C}.Release|x86.Build.0 = Release|Any CPU
		{7F21A8C4-D520-47D4-A216-0ED9059D615A}.Debug|Any CPU.ActiveCfg = Debug|Any CPU
		{7F21A8C4-D520-47D4-A216-0ED9059D615A}.Debug|Any CPU.Build.0 = Debug|Any CPU
		{7F21A8C4-D520-47D4-A216-0ED9059D615A}.Debug|x64.ActiveCfg = Debug|Any CPU
		{7F21A8C4-D520-47D4-A216-0ED9059D615A}.Debug|x64.Build.0 = Debug|Any CPU
		{7F21A8C4-D520-47D4-A216-0ED9059D615A}.Debug|x86.ActiveCfg = Debug|Any CPU
		{7F21A8C4-D520-47D4-A216-0ED9059D615A}.Debug|x86.Build.0 = Debug|Any CPU
		{7F21A8C4-D520-47D4-A216-0ED9059D615A}.Release|Any CPU.ActiveCfg = Release|Any CPU
		{7F21A8C4-D520-47D4-A216-0ED9059D615A}.Release|Any CPU.Build.0 = Release|Any CPU
		{7F21A8C4-D520-47D4-A216-0ED9059D615A}.Release|x64.ActiveCfg = Release|Any CPU
		{7F21A8C4-D520-47D4-A216-0ED9059D615A}.Release|x64.Build.0 = Release|Any CPU
		{7F21A8C4-D520-47D4-A216-0ED9059D615A}.Release|x86.ActiveCfg = Release|Any CPU
		{7F21A8C4-D520-47D4-A216-0ED9059D615A}.Release|x86.Build.0 = Release|Any CPU
		{8140A1FB-94FD-4578-A80A-5BAB000F747B}.Debug|Any CPU.ActiveCfg = Debug|Any CPU
		{8140A1FB-94FD-4578-A80A-5BAB000F747B}.Debug|Any CPU.Build.0 = Debug|Any CPU
		{8140A1FB-94FD-4578-A80A-5BAB000F747B}.Debug|x64.ActiveCfg = Debug|Any CPU
		{8140A1FB-94FD-4578-A80A-5BAB000F747B}.Debug|x64.Build.0 = Debug|Any CPU
		{8140A1FB-94FD-4578-A80A-5BAB000F747B}.Debug|x86.ActiveCfg = Debug|Any CPU
		{8140A1FB-94FD-4578-A80A-5BAB000F747B}.Debug|x86.Build.0 = Debug|Any CPU
		{8140A1FB-94FD-4578-A80A-5BAB000F747B}.Release|Any CPU.ActiveCfg = Release|Any CPU
		{8140A1FB-94FD-4578-A80A-5BAB000F747B}.Release|Any CPU.Build.0 = Release|Any CPU
		{8140A1FB-94FD-4578-A80A-5BAB000F747B}.Release|x64.ActiveCfg = Release|Any CPU
		{8140A1FB-94FD-4578-A80A-5BAB000F747B}.Release|x64.Build.0 = Release|Any CPU
		{8140A1FB-94FD-4578-A80A-5BAB000F747B}.Release|x86.ActiveCfg = Release|Any CPU
		{8140A1FB-94FD-4578-A80A-5BAB000F747B}.Release|x86.Build.0 = Release|Any CPU
		{7D32BBDC-8FDA-494B-AD44-D9F203F89BDC}.Debug|Any CPU.ActiveCfg = Debug|Any CPU
		{7D32BBDC-8FDA-494B-AD44-D9F203F89BDC}.Debug|Any CPU.Build.0 = Debug|Any CPU
		{7D32BBDC-8FDA-494B-AD44-D9F203F89BDC}.Debug|x64.ActiveCfg = Debug|Any CPU
		{7D32BBDC-8FDA-494B-AD44-D9F203F89BDC}.Debug|x64.Build.0 = Debug|Any CPU
		{7D32BBDC-8FDA-494B-AD44-D9F203F89BDC}.Debug|x86.ActiveCfg = Debug|Any CPU
		{7D32BBDC-8FDA-494B-AD44-D9F203F89BDC}.Debug|x86.Build.0 = Debug|Any CPU
		{7D32BBDC-8FDA-494B-AD44-D9F203F89BDC}.Release|Any CPU.ActiveCfg = Release|Any CPU
		{7D32BBDC-8FDA-494B-AD44-D9F203F89BDC}.Release|Any CPU.Build.0 = Release|Any CPU
		{7D32BBDC-8FDA-494B-AD44-D9F203F89BDC}.Release|x64.ActiveCfg = Release|Any CPU
		{7D32BBDC-8FDA-494B-AD44-D9F203F89BDC}.Release|x64.Build.0 = Release|Any CPU
		{7D32BBDC-8FDA-494B-AD44-D9F203F89BDC}.Release|x86.ActiveCfg = Release|Any CPU
		{7D32BBDC-8FDA-494B-AD44-D9F203F89BDC}.Release|x86.Build.0 = Release|Any CPU
		{BCBFFA4D-BDC5-4898-A456-D0AFD4214DCC}.Debug|Any CPU.ActiveCfg = Debug|Any CPU
		{BCBFFA4D-BDC5-4898-A456-D0AFD4214DCC}.Debug|Any CPU.Build.0 = Debug|Any CPU
		{BCBFFA4D-BDC5-4898-A456-D0AFD4214DCC}.Debug|x64.ActiveCfg = Debug|Any CPU
		{BCBFFA4D-BDC5-4898-A456-D0AFD4214DCC}.Debug|x64.Build.0 = Debug|Any CPU
		{BCBFFA4D-BDC5-4898-A456-D0AFD4214DCC}.Debug|x86.ActiveCfg = Debug|Any CPU
		{BCBFFA4D-BDC5-4898-A456-D0AFD4214DCC}.Debug|x86.Build.0 = Debug|Any CPU
		{BCBFFA4D-BDC5-4898-A456-D0AFD4214DCC}.Release|Any CPU.ActiveCfg = Release|Any CPU
		{BCBFFA4D-BDC5-4898-A456-D0AFD4214DCC}.Release|Any CPU.Build.0 = Release|Any CPU
		{BCBFFA4D-BDC5-4898-A456-D0AFD4214DCC}.Release|x64.ActiveCfg = Release|Any CPU
		{BCBFFA4D-BDC5-4898-A456-D0AFD4214DCC}.Release|x64.Build.0 = Release|Any CPU
		{BCBFFA4D-BDC5-4898-A456-D0AFD4214DCC}.Release|x86.ActiveCfg = Release|Any CPU
		{BCBFFA4D-BDC5-4898-A456-D0AFD4214DCC}.Release|x86.Build.0 = Release|Any CPU
		{B9BA5951-3B8A-4CE3-BC12-75B299759AC4}.Debug|Any CPU.ActiveCfg = Debug|Any CPU
		{B9BA5951-3B8A-4CE3-BC12-75B299759AC4}.Debug|Any CPU.Build.0 = Debug|Any CPU
		{B9BA5951-3B8A-4CE3-BC12-75B299759AC4}.Debug|x64.ActiveCfg = Debug|Any CPU
		{B9BA5951-3B8A-4CE3-BC12-75B299759AC4}.Debug|x64.Build.0 = Debug|Any CPU
		{B9BA5951-3B8A-4CE3-BC12-75B299759AC4}.Debug|x86.ActiveCfg = Debug|Any CPU
		{B9BA5951-3B8A-4CE3-BC12-75B299759AC4}.Debug|x86.Build.0 = Debug|Any CPU
		{B9BA5951-3B8A-4CE3-BC12-75B299759AC4}.Release|Any CPU.ActiveCfg = Release|Any CPU
		{B9BA5951-3B8A-4CE3-BC12-75B299759AC4}.Release|Any CPU.Build.0 = Release|Any CPU
		{B9BA5951-3B8A-4CE3-BC12-75B299759AC4}.Release|x64.ActiveCfg = Release|Any CPU
		{B9BA5951-3B8A-4CE3-BC12-75B299759AC4}.Release|x64.Build.0 = Release|Any CPU
		{B9BA5951-3B8A-4CE3-BC12-75B299759AC4}.Release|x86.ActiveCfg = Release|Any CPU
		{B9BA5951-3B8A-4CE3-BC12-75B299759AC4}.Release|x86.Build.0 = Release|Any CPU
	EndGlobalSection
	GlobalSection(SolutionProperties) = preSolution
		HideSolutionNode = FALSE
	EndGlobalSection
	GlobalSection(NestedProjects) = preSolution
		{DAA6B917-A7CA-4B8A-9891-C1EF752FAD19} = {827E0CD3-B72D-47B6-A68D-7590B98EB39B}
		{180FF8E2-CC8C-4266-B1B3-8F4257927682} = {827E0CD3-B72D-47B6-A68D-7590B98EB39B}
		{B97FC9C8-68EC-476A-9CE0-33AAD481079C} = {827E0CD3-B72D-47B6-A68D-7590B98EB39B}
		{7F21A8C4-D520-47D4-A216-0ED9059D615A} = {827E0CD3-B72D-47B6-A68D-7590B98EB39B}
		{8140A1FB-94FD-4578-A80A-5BAB000F747B} = {827E0CD3-B72D-47B6-A68D-7590B98EB39B}
		{7D32BBDC-8FDA-494B-AD44-D9F203F89BDC} = {827E0CD3-B72D-47B6-A68D-7590B98EB39B}
		{BCBFFA4D-BDC5-4898-A456-D0AFD4214DCC} = {827E0CD3-B72D-47B6-A68D-7590B98EB39B}
		{B9BA5951-3B8A-4CE3-BC12-75B299759AC4} = {0AB3BF05-4346-4AA6-1389-037BE0695223}
	EndGlobalSection
EndGlobal
